{
  "name": "purrfect-spots",
  "version": "1.0.0",
  "lockfileVersion": 3,
  "requires": true,
  "packages": {
    "": {
      "name": "purrfect-spots",
      "version": "1.0.0",
      "license": "ISC",
      "devDependencies": {
        "husky": "^9.1.7",
        "k6": "^0.0.0"
      }
    },
    "node_modules/husky": {
      "version": "9.1.7",
      "resolved": "https://registry.npmjs.org/husky/-/husky-9.1.7.tgz",
      "integrity": "sha512-5gs5ytaNjBrh5Ow3zrvdUUY+0VxIuWVL4i9irt6friV+BqdCfmV11CQTWMiBYWHbXhco+J1kHfTOUkePhCDvMA==",
      "dev": true,
      "license": "MIT",
      "bin": {
        "husky": "bin.js"
      },
      "engines": {
        "node": ">=18"
      },
      "funding": {
        "url": "https://github.com/sponsors/typicode"
      }
    },
    "node_modules/k6": {
      "version": "0.0.0",
      "resolved": "https://registry.npmjs.org/k6/-/k6-0.0.0.tgz",
      "integrity": "sha512-GAQSWayS2+LjbH5bkRi+pMPYyP1JSp7o+4j58ANZ762N/RH/SdlAT3CHHztnn8s/xgg8kYNM24Gd2IPo9b5W+g==",
      "dev": true,
      "license": "AGPL-3.0"
    }
  }
}
